
Microsoft Visual Studio Solution File, Format Version 12.00
# Visual Studio Version 16
VisualStudioVersion = 16.0.29326.143
MinimumVisualStudioVersion = 10.0.40219.1
Project("{FAE04EC0-301F-11D3-BF4B-00C04F79EFBC}") = "project Animal", "project Animal\project Animal.csproj", "{3FD45225-AC1A-432B-A0AC-DC5B3E3988DA}"
EndProject
Global
	GlobalSection(SolutionConfigurationPlatforms) = preSolution
		Debug|Any CPU = Debug|Any CPU
		Release|Any CPU = Release|Any CPU
	EndGlobalSection
	GlobalSection(ProjectConfigurationPlatforms) = postSolution
		{3FD45225-AC1A-432B-A0AC-DC5B3E3988DA}.Debug|Any CPU.ActiveCfg = Debug|Any CPU
		{3FD45225-AC1A-432B-A0AC-DC5B3E3988DA}.Debug|Any CPU.Build.0 = Debug|Any CPU
		{3FD45225-AC1A-432B-A0AC-DC5B3E3988DA}.Release|Any CPU.ActiveCfg = Release|Any CPU
		{3FD45225-AC1A-432B-A0AC-DC5B3E3988DA}.Release|Any CPU.Build.0 = Release|Any CPU
	EndGlobalSection
	GlobalSection(SolutionProperties) = preSolution
		HideSolutionNode = FALSE
	EndGlobalSection
	GlobalSection(ExtensibilityGlobals) = postSolution
		SolutionGuid = {876E576D-5F6A-47D2-AFA6-334156F3A91F}
	EndGlobalSection
EndGlobal
